
Microsoft Visual Studio Solution File, Format Version 12.00
# Visual Studio Version 17
VisualStudioVersion = 17.8.34525.116
MinimumVisualStudioVersion = 10.0.40219.1
Project("{FAE04EC0-301F-11D3-BF4B-00C04F79EFBC}") = "EIUGRDSA2 - TINH DIEM MON HOC", "EIUGRDSA2 - TINH DIEM MON HOC.csproj", "{CBB5F0C2-14C1-4512-AB74-A0D7ACE923A2}"
EndProject
Global
	GlobalSection(SolutionConfigurationPlatforms) = preSolution
		Debug|Any CPU = Debug|Any CPU
		Release|Any CPU = Release|Any CPU
	EndGlobalSection
	GlobalSection(ProjectConfigurationPlatforms) = postSolution
		{CBB5F0C2-14C1-4512-AB74-A0D7ACE923A2}.Debug|Any CPU.ActiveCfg = Debug|Any CPU
		{CBB5F0C2-14C1-4512-AB74-A0D7ACE923A2}.Debug|Any CPU.Build.0 = Debug|Any CPU
		{CBB5F0C2-14C1-4512-AB74-A0D7ACE923A2}.Release|Any CPU.ActiveCfg = Release|Any CPU
		{CBB5F0C2-14C1-4512-AB74-A0D7ACE923A2}.Release|Any CPU.Build.0 = Release|Any CPU
	EndGlobalSection
	GlobalSection(SolutionProperties) = preSolution
		HideSolutionNode = FALSE
	EndGlobalSection
	GlobalSection(ExtensibilityGlobals) = postSolution
		SolutionGuid = {8702342F-48D3-40E7-87E6-AC9D7F434D2D}
	EndGlobalSection
EndGlobal
