
Microsoft Visual Studio Solution File, Format Version 12.00
# Visual Studio Version 17
VisualStudioVersion = 17.8.34525.116
MinimumVisualStudioVersion = 10.0.40219.1
Project("{FAE04EC0-301F-11D3-BF4B-00C04F79EFBC}") = "spojEICREDI2", "spojEICREDI2.csproj", "{4AE9FBC7-980F-4622-87C4-AE92D1BB352F}"
EndProject
Global
	GlobalSection(SolutionConfigurationPlatforms) = preSolution
		Debug|Any CPU = Debug|Any CPU
		Release|Any CPU = Release|Any CPU
	EndGlobalSection
	GlobalSection(ProjectConfigurationPlatforms) = postSolution
		{4AE9FBC7-980F-4622-87C4-AE92D1BB352F}.Debug|Any CPU.ActiveCfg = Debug|Any CPU
		{4AE9FBC7-980F-4622-87C4-AE92D1BB352F}.Debug|Any CPU.Build.0 = Debug|Any CPU
		{4AE9FBC7-980F-4622-87C4-AE92D1BB352F}.Release|Any CPU.ActiveCfg = Release|Any CPU
		{4AE9FBC7-980F-4622-87C4-AE92D1BB352F}.Release|Any CPU.Build.0 = Release|Any CPU
	EndGlobalSection
	GlobalSection(SolutionProperties) = preSolution
		HideSolutionNode = FALSE
	EndGlobalSection
	GlobalSection(ExtensibilityGlobals) = postSolution
		SolutionGuid = {0985FF6A-3E02-468C-916A-7E98EFE4735D}
	EndGlobalSection
EndGlobal
