
Microsoft Visual Studio Solution File, Format Version 12.00
# Visual Studio Version 17
VisualStudioVersion = 17.8.34525.116
MinimumVisualStudioVersion = 10.0.40219.1
Project("{FAE04EC0-301F-11D3-BF4B-00C04F79EFBC}") = "Way Too Long Words", "Way Too Long Words.csproj", "{A48D621A-F624-48A4-94FE-83E4461684DA}"
EndProject
Global
	GlobalSection(SolutionConfigurationPlatforms) = preSolution
		Debug|Any CPU = Debug|Any CPU
		Release|Any CPU = Release|Any CPU
	EndGlobalSection
	GlobalSection(ProjectConfigurationPlatforms) = postSolution
		{A48D621A-F624-48A4-94FE-83E4461684DA}.Debug|Any CPU.ActiveCfg = Debug|Any CPU
		{A48D621A-F624-48A4-94FE-83E4461684DA}.Debug|Any CPU.Build.0 = Debug|Any CPU
		{A48D621A-F624-48A4-94FE-83E4461684DA}.Release|Any CPU.ActiveCfg = Release|Any CPU
		{A48D621A-F624-48A4-94FE-83E4461684DA}.Release|Any CPU.Build.0 = Release|Any CPU
	EndGlobalSection
	GlobalSection(SolutionProperties) = preSolution
		HideSolutionNode = FALSE
	EndGlobalSection
	GlobalSection(ExtensibilityGlobals) = postSolution
		SolutionGuid = {D3A53FE0-7D5A-410A-BF00-C52F350AB371}
	EndGlobalSection
EndGlobal
