
Microsoft Visual Studio Solution File, Format Version 12.00
# Visual Studio Version 17
VisualStudioVersion = 17.8.34525.116
MinimumVisualStudioVersion = 10.0.40219.1
Project("{FAE04EC0-301F-11D3-BF4B-00C04F79EFBC}") = "Next Round", "Next Round.csproj", "{A59DC122-3CB7-453D-9B29-749FCC98FC8F}"
EndProject
Global
	GlobalSection(SolutionConfigurationPlatforms) = preSolution
		Debug|Any CPU = Debug|Any CPU
		Release|Any CPU = Release|Any CPU
	EndGlobalSection
	GlobalSection(ProjectConfigurationPlatforms) = postSolution
		{A59DC122-3CB7-453D-9B29-749FCC98FC8F}.Debug|Any CPU.ActiveCfg = Debug|Any CPU
		{A59DC122-3CB7-453D-9B29-749FCC98FC8F}.Debug|Any CPU.Build.0 = Debug|Any CPU
		{A59DC122-3CB7-453D-9B29-749FCC98FC8F}.Release|Any CPU.ActiveCfg = Release|Any CPU
		{A59DC122-3CB7-453D-9B29-749FCC98FC8F}.Release|Any CPU.Build.0 = Release|Any CPU
	EndGlobalSection
	GlobalSection(SolutionProperties) = preSolution
		HideSolutionNode = FALSE
	EndGlobalSection
	GlobalSection(ExtensibilityGlobals) = postSolution
		SolutionGuid = {3EA0CA13-8E03-4DC0-BC2A-3999A42D4BB4}
	EndGlobalSection
EndGlobal
