
Microsoft Visual Studio Solution File, Format Version 12.00
# Visual Studio Version 17
VisualStudioVersion = 17.8.34525.116
MinimumVisualStudioVersion = 10.0.40219.1
Project("{FAE04EC0-301F-11D3-BF4B-00C04F79EFBC}") = "Petya and Strings", "Petya and Strings.csproj", "{489D8F98-5053-44F6-8AE6-9B20999EDEB6}"
EndProject
Global
	GlobalSection(SolutionConfigurationPlatforms) = preSolution
		Debug|Any CPU = Debug|Any CPU
		Release|Any CPU = Release|Any CPU
	EndGlobalSection
	GlobalSection(ProjectConfigurationPlatforms) = postSolution
		{489D8F98-5053-44F6-8AE6-9B20999EDEB6}.Debug|Any CPU.ActiveCfg = Debug|Any CPU
		{489D8F98-5053-44F6-8AE6-9B20999EDEB6}.Debug|Any CPU.Build.0 = Debug|Any CPU
		{489D8F98-5053-44F6-8AE6-9B20999EDEB6}.Release|Any CPU.ActiveCfg = Release|Any CPU
		{489D8F98-5053-44F6-8AE6-9B20999EDEB6}.Release|Any CPU.Build.0 = Release|Any CPU
	EndGlobalSection
	GlobalSection(SolutionProperties) = preSolution
		HideSolutionNode = FALSE
	EndGlobalSection
	GlobalSection(ExtensibilityGlobals) = postSolution
		SolutionGuid = {3247FD47-69F1-47D1-A106-53BA1E071246}
	EndGlobalSection
EndGlobal
