
Microsoft Visual Studio Solution File, Format Version 12.00
# Visual Studio Version 17
VisualStudioVersion = 17.8.34525.116
MinimumVisualStudioVersion = 10.0.40219.1
Project("{FAE04EC0-301F-11D3-BF4B-00C04F79EFBC}") = "Clone EICREDIT", "Clone EICREDIT.csproj", "{1207A406-D456-45D1-B350-523898346AF2}"
EndProject
Global
	GlobalSection(SolutionConfigurationPlatforms) = preSolution
		Debug|Any CPU = Debug|Any CPU
		Release|Any CPU = Release|Any CPU
	EndGlobalSection
	GlobalSection(ProjectConfigurationPlatforms) = postSolution
		{1207A406-D456-45D1-B350-523898346AF2}.Debug|Any CPU.ActiveCfg = Debug|Any CPU
		{1207A406-D456-45D1-B350-523898346AF2}.Debug|Any CPU.Build.0 = Debug|Any CPU
		{1207A406-D456-45D1-B350-523898346AF2}.Release|Any CPU.ActiveCfg = Release|Any CPU
		{1207A406-D456-45D1-B350-523898346AF2}.Release|Any CPU.Build.0 = Release|Any CPU
	EndGlobalSection
	GlobalSection(SolutionProperties) = preSolution
		HideSolutionNode = FALSE
	EndGlobalSection
	GlobalSection(ExtensibilityGlobals) = postSolution
		SolutionGuid = {888909D6-819B-4171-9F77-C38D1B7447A3}
	EndGlobalSection
EndGlobal
