
Microsoft Visual Studio Solution File, Format Version 12.00
# Visual Studio Version 17
VisualStudioVersion = 17.8.34525.116
MinimumVisualStudioVersion = 10.0.40219.1
Project("{FAE04EC0-301F-11D3-BF4B-00C04F79EFBC}") = "Clone Girl Hoc Bong", "Clone Girl Hoc Bong.csproj", "{C462DB4D-F66C-4F29-905B-48788CA3496E}"
EndProject
Global
	GlobalSection(SolutionConfigurationPlatforms) = preSolution
		Debug|Any CPU = Debug|Any CPU
		Release|Any CPU = Release|Any CPU
	EndGlobalSection
	GlobalSection(ProjectConfigurationPlatforms) = postSolution
		{C462DB4D-F66C-4F29-905B-48788CA3496E}.Debug|Any CPU.ActiveCfg = Debug|Any CPU
		{C462DB4D-F66C-4F29-905B-48788CA3496E}.Debug|Any CPU.Build.0 = Debug|Any CPU
		{C462DB4D-F66C-4F29-905B-48788CA3496E}.Release|Any CPU.ActiveCfg = Release|Any CPU
		{C462DB4D-F66C-4F29-905B-48788CA3496E}.Release|Any CPU.Build.0 = Release|Any CPU
	EndGlobalSection
	GlobalSection(SolutionProperties) = preSolution
		HideSolutionNode = FALSE
	EndGlobalSection
	GlobalSection(ExtensibilityGlobals) = postSolution
		SolutionGuid = {908AF5CE-19A5-47D8-953C-A9D1E8488005}
	EndGlobalSection
EndGlobal
