
Microsoft Visual Studio Solution File, Format Version 12.00
# Visual Studio Version 17
VisualStudioVersion = 17.8.34525.116
MinimumVisualStudioVersion = 10.0.40219.1
Project("{FAE04EC0-301F-11D3-BF4B-00C04F79EFBC}") = "LINQ Product ID NAME PRICE", "LINQ Product ID NAME PRICE.csproj", "{96861175-2169-4591-BD97-5076CA4A283A}"
EndProject
Global
	GlobalSection(SolutionConfigurationPlatforms) = preSolution
		Debug|Any CPU = Debug|Any CPU
		Release|Any CPU = Release|Any CPU
	EndGlobalSection
	GlobalSection(ProjectConfigurationPlatforms) = postSolution
		{96861175-2169-4591-BD97-5076CA4A283A}.Debug|Any CPU.ActiveCfg = Debug|Any CPU
		{96861175-2169-4591-BD97-5076CA4A283A}.Debug|Any CPU.Build.0 = Debug|Any CPU
		{96861175-2169-4591-BD97-5076CA4A283A}.Release|Any CPU.ActiveCfg = Release|Any CPU
		{96861175-2169-4591-BD97-5076CA4A283A}.Release|Any CPU.Build.0 = Release|Any CPU
	EndGlobalSection
	GlobalSection(SolutionProperties) = preSolution
		HideSolutionNode = FALSE
	EndGlobalSection
	GlobalSection(ExtensibilityGlobals) = postSolution
		SolutionGuid = {48B6E23B-E1E1-4F62-A638-67EFC332E069}
	EndGlobalSection
EndGlobal
